
Microsoft Visual Studio Solution File, Format Version 12.00
# Visual Studio Version 17
VisualStudioVersion = 17.6.33829.357
MinimumVisualStudioVersion = 10.0.40219.1
Project("{FAE04EC0-301F-11D3-BF4B-00C04F79EFBC}") = "GenericFindMaximum", "GenericFindMaximum.csproj", "{2A3D990C-4510-4374-808F-DD94EF274A69}"
EndProject
Global
	GlobalSection(SolutionConfigurationPlatforms) = preSolution
		Debug|Any CPU = Debug|Any CPU
		Release|Any CPU = Release|Any CPU
	EndGlobalSection
	GlobalSection(ProjectConfigurationPlatforms) = postSolution
		{2A3D990C-4510-4374-808F-DD94EF274A69}.Debug|Any CPU.ActiveCfg = Debug|Any CPU
		{2A3D990C-4510-4374-808F-DD94EF274A69}.Debug|Any CPU.Build.0 = Debug|Any CPU
		{2A3D990C-4510-4374-808F-DD94EF274A69}.Release|Any CPU.ActiveCfg = Release|Any CPU
		{2A3D990C-4510-4374-808F-DD94EF274A69}.Release|Any CPU.Build.0 = Release|Any CPU
	EndGlobalSection
	GlobalSection(SolutionProperties) = preSolution
		HideSolutionNode = FALSE
	EndGlobalSection
	GlobalSection(ExtensibilityGlobals) = postSolution
		SolutionGuid = {FFF1B784-BE61-428A-B020-02F10812E2C3}
	EndGlobalSection
EndGlobal
